
Microsoft Visual Studio Solution File, Format Version 12.00
# Visual Studio Version 16
VisualStudioVersion = 16.0.31402.337
MinimumVisualStudioVersion = 10.0.40219.1
Project("{FAE04EC0-301F-11D3-BF4B-00C04F79EFBC}") = "Calculator", "Calculator\Calculator.csproj", "{C68E8BC0-5D87-465D-9951-7937E4F55F90}"
EndProject
Global
	GlobalSection(SolutionConfigurationPlatforms) = preSolution
		Debug|Any CPU = Debug|Any CPU
		Release|Any CPU = Release|Any CPU
	EndGlobalSection
	GlobalSection(ProjectConfigurationPlatforms) = postSolution
		{C68E8BC0-5D87-465D-9951-7937E4F55F90}.Debug|Any CPU.ActiveCfg = Debug|Any CPU
		{C68E8BC0-5D87-465D-9951-7937E4F55F90}.Debug|Any CPU.Build.0 = Debug|Any CPU
		{C68E8BC0-5D87-465D-9951-7937E4F55F90}.Release|Any CPU.ActiveCfg = Release|Any CPU
		{C68E8BC0-5D87-465D-9951-7937E4F55F90}.Release|Any CPU.Build.0 = Release|Any CPU
	EndGlobalSection
	GlobalSection(SolutionProperties) = preSolution
		HideSolutionNode = FALSE
	EndGlobalSection
	GlobalSection(ExtensibilityGlobals) = postSolution
		SolutionGuid = {97CCFEA5-1185-4F41-8DBB-8B01EFA99234}
	EndGlobalSection
EndGlobal
